
Microsoft Visual Studio Solution File, Format Version 12.00
# Visual Studio 14
VisualStudioVersion = 14.0.25420.1
MinimumVisualStudioVersion = 10.0.40219.1
Project("{FAE04EC0-301F-11D3-BF4B-00C04F79EFBC}") = "TesztAdatGyarVS", "TesztAdatGyarVS\TesztAdatGyarVS.csproj", "{66474F79-96BD-4884-9FA1-6417B1EE6D60}"
EndProject
Project("{FAE04EC0-301F-11D3-BF4B-00C04F79EFBC}") = "TesztAdatGyar_V2", "TesztAdatGyar_V2\TesztAdatGyar_V2.csproj", "{55CCA2A4-7AD6-4809-AD83-62132F908567}"
EndProject
Global
	GlobalSection(SolutionConfigurationPlatforms) = preSolution
		Debug|Any CPU = Debug|Any CPU
		Release|Any CPU = Release|Any CPU
	EndGlobalSection
	GlobalSection(ProjectConfigurationPlatforms) = postSolution
		{66474F79-96BD-4884-9FA1-6417B1EE6D60}.Debug|Any CPU.ActiveCfg = Debug|Any CPU
		{66474F79-96BD-4884-9FA1-6417B1EE6D60}.Debug|Any CPU.Build.0 = Debug|Any CPU
		{66474F79-96BD-4884-9FA1-6417B1EE6D60}.Release|Any CPU.ActiveCfg = Release|Any CPU
		{66474F79-96BD-4884-9FA1-6417B1EE6D60}.Release|Any CPU.Build.0 = Release|Any CPU
		{55CCA2A4-7AD6-4809-AD83-62132F908567}.Debug|Any CPU.ActiveCfg = Debug|Any CPU
		{55CCA2A4-7AD6-4809-AD83-62132F908567}.Debug|Any CPU.Build.0 = Debug|Any CPU
		{55CCA2A4-7AD6-4809-AD83-62132F908567}.Release|Any CPU.ActiveCfg = Release|Any CPU
		{55CCA2A4-7AD6-4809-AD83-62132F908567}.Release|Any CPU.Build.0 = Release|Any CPU
	EndGlobalSection
	GlobalSection(SolutionProperties) = preSolution
		HideSolutionNode = FALSE
	EndGlobalSection
EndGlobal
